
Microsoft Visual Studio Solution File, Format Version 12.00
# Visual Studio Version 16
VisualStudioVersion = 16.0.29102.190
MinimumVisualStudioVersion = 10.0.40219.1
Project("{9A19103F-16F7-4668-BE54-9A1E7A4F7556}") = "Sparrow.Core", "src\Sparrow.Core\Sparrow.Core.csproj", "{587D0DCA-DD05-4C4E-AD78-F9763710685E}"
EndProject
Project("{2150E333-8FDC-42A3-9474-1A3956D46DE8}") = "src", "src", "{71811B39-6D0E-4905-A33A-BBA28109B02C}"
EndProject
Project("{9A19103F-16F7-4668-BE54-9A1E7A4F7556}") = "Sparrow.Infrastructure", "src\Sparrow.Infrastructure\Sparrow.Infrastructure.csproj", "{BA548B52-6305-46AB-B626-9E9AA55583A2}"
EndProject
Project("{9A19103F-16F7-4668-BE54-9A1E7A4F7556}") = "Sparrow.Stores.Mongo", "src\Sparrow.Stores.Mongo\Sparrow.Stores.Mongo.csproj", "{BC620E4A-6DD8-4E01-A4A6-ADED09F50FB8}"
EndProject
Project("{9A19103F-16F7-4668-BE54-9A1E7A4F7556}") = "Sparrow.AspNetCore", "src\Sparrow.AspNetCore\Sparrow.AspNetCore.csproj", "{43E7E65E-5865-4336-8F24-77139277EFAD}"
EndProject
Project("{9A19103F-16F7-4668-BE54-9A1E7A4F7556}") = "Sparrow.IdentityServer.Core", "src\Sparrow.IdentityServer.Core\Sparrow.IdentityServer.Core.csproj", "{B76C9CA9-CFD7-4735-807E-163A89EE9D78}"
EndProject
Project("{9A19103F-16F7-4668-BE54-9A1E7A4F7556}") = "Sparrow.IdentityServer", "src\Sparrow.IdentityServer\Sparrow.IdentityServer.csproj", "{1A41B231-AA95-4CA0-93F3-D694C1CB8A31}"
EndProject
Project("{2150E333-8FDC-42A3-9474-1A3956D46DE8}") = "tests", "tests", "{05CF6037-B838-4E3E-AB81-6609DA5F8938}"
EndProject
Global
	GlobalSection(SolutionConfigurationPlatforms) = preSolution
		Debug|Any CPU = Debug|Any CPU
		Release|Any CPU = Release|Any CPU
	EndGlobalSection
	GlobalSection(ProjectConfigurationPlatforms) = postSolution
		{587D0DCA-DD05-4C4E-AD78-F9763710685E}.Debug|Any CPU.ActiveCfg = Debug|Any CPU
		{587D0DCA-DD05-4C4E-AD78-F9763710685E}.Debug|Any CPU.Build.0 = Debug|Any CPU
		{587D0DCA-DD05-4C4E-AD78-F9763710685E}.Release|Any CPU.ActiveCfg = Release|Any CPU
		{587D0DCA-DD05-4C4E-AD78-F9763710685E}.Release|Any CPU.Build.0 = Release|Any CPU
		{BA548B52-6305-46AB-B626-9E9AA55583A2}.Debug|Any CPU.ActiveCfg = Debug|Any CPU
		{BA548B52-6305-46AB-B626-9E9AA55583A2}.Debug|Any CPU.Build.0 = Debug|Any CPU
		{BA548B52-6305-46AB-B626-9E9AA55583A2}.Release|Any CPU.ActiveCfg = Release|Any CPU
		{BA548B52-6305-46AB-B626-9E9AA55583A2}.Release|Any CPU.Build.0 = Release|Any CPU
		{BC620E4A-6DD8-4E01-A4A6-ADED09F50FB8}.Debug|Any CPU.ActiveCfg = Debug|Any CPU
		{BC620E4A-6DD8-4E01-A4A6-ADED09F50FB8}.Debug|Any CPU.Build.0 = Debug|Any CPU
		{BC620E4A-6DD8-4E01-A4A6-ADED09F50FB8}.Release|Any CPU.ActiveCfg = Release|Any CPU
		{BC620E4A-6DD8-4E01-A4A6-ADED09F50FB8}.Release|Any CPU.Build.0 = Release|Any CPU
		{43E7E65E-5865-4336-8F24-77139277EFAD}.Debug|Any CPU.ActiveCfg = Debug|Any CPU
		{43E7E65E-5865-4336-8F24-77139277EFAD}.Debug|Any CPU.Build.0 = Debug|Any CPU
		{43E7E65E-5865-4336-8F24-77139277EFAD}.Release|Any CPU.ActiveCfg = Release|Any CPU
		{43E7E65E-5865-4336-8F24-77139277EFAD}.Release|Any CPU.Build.0 = Release|Any CPU
		{B76C9CA9-CFD7-4735-807E-163A89EE9D78}.Debug|Any CPU.ActiveCfg = Debug|Any CPU
		{B76C9CA9-CFD7-4735-807E-163A89EE9D78}.Debug|Any CPU.Build.0 = Debug|Any CPU
		{B76C9CA9-CFD7-4735-807E-163A89EE9D78}.Release|Any CPU.ActiveCfg = Release|Any CPU
		{B76C9CA9-CFD7-4735-807E-163A89EE9D78}.Release|Any CPU.Build.0 = Release|Any CPU
		{1A41B231-AA95-4CA0-93F3-D694C1CB8A31}.Debug|Any CPU.ActiveCfg = Debug|Any CPU
		{1A41B231-AA95-4CA0-93F3-D694C1CB8A31}.Debug|Any CPU.Build.0 = Debug|Any CPU
		{1A41B231-AA95-4CA0-93F3-D694C1CB8A31}.Release|Any CPU.ActiveCfg = Release|Any CPU
		{1A41B231-AA95-4CA0-93F3-D694C1CB8A31}.Release|Any CPU.Build.0 = Release|Any CPU
	EndGlobalSection
	GlobalSection(SolutionProperties) = preSolution
		HideSolutionNode = FALSE
	EndGlobalSection
	GlobalSection(NestedProjects) = preSolution
		{587D0DCA-DD05-4C4E-AD78-F9763710685E} = {71811B39-6D0E-4905-A33A-BBA28109B02C}
		{BA548B52-6305-46AB-B626-9E9AA55583A2} = {71811B39-6D0E-4905-A33A-BBA28109B02C}
		{BC620E4A-6DD8-4E01-A4A6-ADED09F50FB8} = {71811B39-6D0E-4905-A33A-BBA28109B02C}
		{43E7E65E-5865-4336-8F24-77139277EFAD} = {71811B39-6D0E-4905-A33A-BBA28109B02C}
		{B76C9CA9-CFD7-4735-807E-163A89EE9D78} = {71811B39-6D0E-4905-A33A-BBA28109B02C}
		{1A41B231-AA95-4CA0-93F3-D694C1CB8A31} = {71811B39-6D0E-4905-A33A-BBA28109B02C}
	EndGlobalSection
	GlobalSection(ExtensibilityGlobals) = postSolution
		SolutionGuid = {BC1480FA-29E4-4CBC-93C1-D808740F39F5}
	EndGlobalSection
EndGlobal
