# THIS IS AN AUTOGENERATED FILE. DO NOT EDIT THIS FILE DIRECTLY.
# yarn lockfile v1


"@mdi/font@^4.5.95":
  version "4.5.95"
  resolved "https://registry.yarnpkg.com/@mdi/font/-/font-4.5.95.tgz#43c0d2e7b08d4221a778f58d899455d0c45916ed"
  integrity sha512-AjR2Zgu1feBXWlTfEjD6JQqLAMCqYn2Gzia5PWqFnysvz5F6JmPHtQFldIHXqyv2s/FwME7ZDBc5N86NEHbyvQ==

async-validator@~1.8.1:
  version "1.8.5"
  resolved "https://registry.yarnpkg.com/async-validator/-/async-validator-1.8.5.tgz#dc3e08ec1fd0dddb67e60842f02c0cd1cec6d7f0"
  integrity sha512-tXBM+1m056MAX0E8TL2iCjg8WvSyXu0Zc8LNtYqrVeyoL3+esHRZ4SieE9fKQyyU09uONjnMEjrNBMqT0mbvmA==
  dependencies:
    babel-runtime "6.x"

babel-helper-vue-jsx-merge-props@^2.0.0:
  version "2.0.3"
  resolved "https://registry.yarnpkg.com/babel-helper-vue-jsx-merge-props/-/babel-helper-vue-jsx-merge-props-2.0.3.tgz#22aebd3b33902328e513293a8e4992b384f9f1b6"
  integrity sha512-gsLiKK7Qrb7zYJNgiXKpXblxbV5ffSwR0f5whkPAaBAR4fhi6bwRZxX9wBlIc5M/v8CCkXUbXZL4N/nSE97cqg==

babel-runtime@6.x:
  version "6.26.0"
  resolved "https://registry.yarnpkg.com/babel-runtime/-/babel-runtime-6.26.0.tgz#965c7058668e82b55d7bfe04ff2337bc8b5647fe"
  integrity sha1-llxwWGaOgrVde/4E/yM3vItWR/4=
  dependencies:
    core-js "^2.4.0"
    regenerator-runtime "^0.11.0"

bootstrap-material-design@^4.1.2:
  version "4.1.2"
  resolved "https://registry.yarnpkg.com/bootstrap-material-design/-/bootstrap-material-design-4.1.2.tgz#d6f282f1248c6ce2959c69ca86afe113ee128e88"
  integrity sha512-hKeUkOM6g2DqpktvEMHrIDpQ5qupV4DSeKlJSJ60tLFQ+8tPlszVCa3JVLTV+ZFbJRMb0UA6UWTsnjW57kYNeg==

bootstrap@^4.3.1:
  version "4.3.1"
  resolved "https://registry.yarnpkg.com/bootstrap/-/bootstrap-4.3.1.tgz#280ca8f610504d99d7b6b4bfc4b68cec601704ac"
  integrity sha512-rXqOmH1VilAt2DyPzluTi2blhk17bO7ef+zLLPlWvG494pDxcM234pJ8wTc/6R40UWizAIIMgxjvxZg5kmsbag==

core-js@^2.4.0:
  version "2.6.10"
  resolved "https://registry.yarnpkg.com/core-js/-/core-js-2.6.10.tgz#8a5b8391f8cc7013da703411ce5b585706300d7f"
  integrity sha512-I39t74+4t+zau64EN1fE5v2W31Adtc/REhzWN+gWRRXg6WH5qAsZm62DHpQ1+Yhe4047T55jvzz7MUqF/dBBlA==

deepmerge@^1.2.0:
  version "1.5.2"
  resolved "https://registry.yarnpkg.com/deepmerge/-/deepmerge-1.5.2.tgz#10499d868844cdad4fee0842df8c7f6f0c95a753"
  integrity sha512-95k0GDqvBjZavkuvzx/YqVLv/6YYa17fz6ILMSf7neqQITCPbnfEnQvEgMPNjH4kgobe7+WIL0yJEHku+H3qtQ==

element-ui@^2.12.0:
  version "2.12.0"
  resolved "https://registry.yarnpkg.com/element-ui/-/element-ui-2.12.0.tgz#a893bc11ae4f7dbb7e9d541606f23e643f131ee4"
  integrity sha512-DapyT0PW4i/1ETPHk8K8Qbe8B6hj10+dXsRTrOTFryV9wAs6e9mCxbV65awokyR2/v/KuIHJmqX+mH3wUa4rOQ==
  dependencies:
    async-validator "~1.8.1"
    babel-helper-vue-jsx-merge-props "^2.0.0"
    deepmerge "^1.2.0"
    normalize-wheel "^1.0.1"
    resize-observer-polyfill "^1.5.0"
    throttle-debounce "^1.0.1"

jquery@^3.4.1:
  version "3.4.1"
  resolved "https://registry.yarnpkg.com/jquery/-/jquery-3.4.1.tgz#714f1f8d9dde4bdfa55764ba37ef214630d80ef2"
  integrity sha512-36+AdBzCL+y6qjw5Tx7HgzeGCzC81MDDgaUP8ld2zhx58HdqXGoBd+tHdrBMiyjGQs0Hxs/MLZTu/eHNJJuWPw==

material-design-icons-iconfont@^5.0.1:
  version "5.0.1"
  resolved "https://registry.yarnpkg.com/material-design-icons-iconfont/-/material-design-icons-iconfont-5.0.1.tgz#371875ed7fe9c8c520bc7123c3231feeab731c31"
  integrity sha512-Xg6rIdGrfySTqiTZ6d+nQbcFepS6R4uKbJP0oAqyeZXJY/bX6mZDnOmmUJusqLXfhIwirs0c++a6JpqVa8RFvA==

normalize-wheel@^1.0.1:
  version "1.0.1"
  resolved "https://registry.yarnpkg.com/normalize-wheel/-/normalize-wheel-1.0.1.tgz#aec886affdb045070d856447df62ecf86146ec45"
  integrity sha1-rsiGr/2wRQcNhWRH32Ls+GFG7EU=

regenerator-runtime@^0.11.0:
  version "0.11.1"
  resolved "https://registry.yarnpkg.com/regenerator-runtime/-/regenerator-runtime-0.11.1.tgz#be05ad7f9bf7d22e056f9726cee5017fbf19e2e9"
  integrity sha512-MguG95oij0fC3QV3URf4V2SDYGJhJnJGqvIIgdECeODCT98wSWDAJ94SSuVpYQUoTcGUIL6L4yNB7j1DFFHSBg==

resize-observer-polyfill@^1.5.0:
  version "1.5.1"
  resolved "https://registry.yarnpkg.com/resize-observer-polyfill/-/resize-observer-polyfill-1.5.1.tgz#0e9020dd3d21024458d4ebd27e23e40269810464"
  integrity sha512-LwZrotdHOo12nQuZlHEmtuXdqGoOD0OhaxopaNFxWzInpEgaLWoVuAMbTzixuosCx2nEG58ngzW3vxdWoxIgdg==

throttle-debounce@^1.0.1:
  version "1.1.0"
  resolved "https://registry.yarnpkg.com/throttle-debounce/-/throttle-debounce-1.1.0.tgz#51853da37be68a155cb6e827b3514a3c422e89cd"
  integrity sha512-XH8UiPCQcWNuk2LYePibW/4qL97+ZQ1AN3FNXwZRBNPPowo/NRU5fAlDCSNBJIYCKbioZfuYtMhG4quqoJhVzg==

vee-validate@^3.0.11:
  version "3.0.11"
  resolved "https://registry.yarnpkg.com/vee-validate/-/vee-validate-3.0.11.tgz#5ffe3d501893801529186642d20241cf632f1341"
  integrity sha512-2KRLdtM/y+bU2o9KC7cZBGPRUsBxQaoFb3IlBOUkj6l24Gx5XWXxNkhaAXK97BRLOdM4CH/gJYFi9DOm0N7dTQ==

vue@^2.6.10:
  version "2.6.10"
  resolved "https://registry.yarnpkg.com/vue/-/vue-2.6.10.tgz#a72b1a42a4d82a721ea438d1b6bf55e66195c637"
  integrity sha512-ImThpeNU9HbdZL3utgMCq0oiMzAkt1mcgy3/E6zWC/G6AaQoeuFdsl9nDhTDU3X1R6FK7nsIUuRACVcjI+A2GQ==

vuetify@^2.6.10:
  version "2.6.10"
  resolved "https://registry.yarnpkg.com/vuetify/-/vuetify-2.6.10.tgz#b86cd7a97bf8cd3828a72c349795b5b3c539ebc2"
  integrity sha512-fgUeRDDCwYkwu6WGEEKGe7IdfzOsXJCZGrqkn1pcS2ycuoDL8mR2/dejH5iFNnBY6MnsT365PAGn0J+9otjfQg==
